
Microsoft Visual Studio Solution File, Format Version 12.00
# Visual Studio Version 17
VisualStudioVersion = 17.0.31903.59
MinimumVisualStudioVersion = 10.0.40219.1
Project("{FAE04EC0-301F-11D3-BF4B-00C04F79EFBC}") = "CalculadoraTestes", "CalculadoraTestes\CalculadoraTestes.csproj", "{C49E06A0-76C5-4C98-8021-3C5038C27BD1}"
EndProject
Project("{FAE04EC0-301F-11D3-BF4B-00C04F79EFBC}") = "Calculadora", "Calculadora\Calculadora.csproj", "{7BB4934C-F54B-4D56-B86A-0BF1CA5760E4}"
EndProject
Global
	GlobalSection(SolutionConfigurationPlatforms) = preSolution
		Debug|Any CPU = Debug|Any CPU
		Release|Any CPU = Release|Any CPU
	EndGlobalSection
	GlobalSection(SolutionProperties) = preSolution
		HideSolutionNode = FALSE
	EndGlobalSection
	GlobalSection(ProjectConfigurationPlatforms) = postSolution
		{C49E06A0-76C5-4C98-8021-3C5038C27BD1}.Debug|Any CPU.ActiveCfg = Debug|Any CPU
		{C49E06A0-76C5-4C98-8021-3C5038C27BD1}.Debug|Any CPU.Build.0 = Debug|Any CPU
		{C49E06A0-76C5-4C98-8021-3C5038C27BD1}.Release|Any CPU.ActiveCfg = Release|Any CPU
		{C49E06A0-76C5-4C98-8021-3C5038C27BD1}.Release|Any CPU.Build.0 = Release|Any CPU
		{7BB4934C-F54B-4D56-B86A-0BF1CA5760E4}.Debug|Any CPU.ActiveCfg = Debug|Any CPU
		{7BB4934C-F54B-4D56-B86A-0BF1CA5760E4}.Debug|Any CPU.Build.0 = Debug|Any CPU
		{7BB4934C-F54B-4D56-B86A-0BF1CA5760E4}.Release|Any CPU.ActiveCfg = Release|Any CPU
		{7BB4934C-F54B-4D56-B86A-0BF1CA5760E4}.Release|Any CPU.Build.0 = Release|Any CPU
	EndGlobalSection
EndGlobal
